
Microsoft Visual Studio Solution File, Format Version 9.00
# Visual Studio 2005
Project("{E6FDF86B-F3D1-11D4-8576-0002A516ECE8}") = "Factorio - Electric Boiler", "Factorio - Electric Boiler.vjsproj", "{3E79BAED-103B-456C-9384-90B1A876DBB2}"
EndProject
Global
	GlobalSection(SourceCodeControl) = preSolution
		SccNumberOfProjects = 2
		SccLocalPath0 = .
		SccProjectUniqueName1 = Factorio\u0020-\u0020Electric\u0020Boiler.vjsproj
		SccLocalPath1 = .
	EndGlobalSection
	GlobalSection(SolutionConfigurationPlatforms) = preSolution
		Debug|x86 = Debug|x86
		Release|x86 = Release|x86
	EndGlobalSection
	GlobalSection(ProjectConfigurationPlatforms) = postSolution
		{3E79BAED-103B-456C-9384-90B1A876DBB2}.Debug|x86.ActiveCfg = Debug|x86
		{3E79BAED-103B-456C-9384-90B1A876DBB2}.Debug|x86.Build.0 = Debug|x86
		{3E79BAED-103B-456C-9384-90B1A876DBB2}.Release|x86.ActiveCfg = Release|x86
		{3E79BAED-103B-456C-9384-90B1A876DBB2}.Release|x86.Build.0 = Release|x86
	EndGlobalSection
	GlobalSection(SolutionProperties) = preSolution
		HideSolutionNode = FALSE
	EndGlobalSection
EndGlobal
